
Microsoft Visual Studio Solution File, Format Version 12.00
# Visual Studio Version 17
VisualStudioVersion = 17.3.32825.248
MinimumVisualStudioVersion = 10.0.40219.1
Project("{FAE04EC0-301F-11D3-BF4B-00C04F79EFBC}") = "Practices", "Practices\Practices.csproj", "{9DA0377B-D187-46D7-AF6D-AB271D2932C3}"
EndProject
Project("{FAE04EC0-301F-11D3-BF4B-00C04F79EFBC}") = "Activity_1_ADT", "Activity_1_ADT\Activity_1_ADT.csproj", "{889E1C06-7A7E-4937-88CB-69AADD21B9CA}"
EndProject
Project("{FAE04EC0-301F-11D3-BF4B-00C04F79EFBC}") = "Trees_Practice", "Trees_Practice\Trees_Practice.csproj", "{C40DDD88-1424-49A3-BD99-4E4154B5C819}"
EndProject
Project("{FAE04EC0-301F-11D3-BF4B-00C04F79EFBC}") = "Graph_Practice", "Graph_Practice\Graph_Practice.csproj", "{8AEDC2E8-934A-43A7-B069-DFCEFD9F2D3A}"
EndProject
Global
	GlobalSection(SolutionConfigurationPlatforms) = preSolution
		Debug|Any CPU = Debug|Any CPU
		Release|Any CPU = Release|Any CPU
	EndGlobalSection
	GlobalSection(ProjectConfigurationPlatforms) = postSolution
		{9DA0377B-D187-46D7-AF6D-AB271D2932C3}.Debug|Any CPU.ActiveCfg = Debug|Any CPU
		{9DA0377B-D187-46D7-AF6D-AB271D2932C3}.Debug|Any CPU.Build.0 = Debug|Any CPU
		{9DA0377B-D187-46D7-AF6D-AB271D2932C3}.Release|Any CPU.ActiveCfg = Release|Any CPU
		{9DA0377B-D187-46D7-AF6D-AB271D2932C3}.Release|Any CPU.Build.0 = Release|Any CPU
		{889E1C06-7A7E-4937-88CB-69AADD21B9CA}.Debug|Any CPU.ActiveCfg = Debug|Any CPU
		{889E1C06-7A7E-4937-88CB-69AADD21B9CA}.Debug|Any CPU.Build.0 = Debug|Any CPU
		{889E1C06-7A7E-4937-88CB-69AADD21B9CA}.Release|Any CPU.ActiveCfg = Release|Any CPU
		{889E1C06-7A7E-4937-88CB-69AADD21B9CA}.Release|Any CPU.Build.0 = Release|Any CPU
		{C40DDD88-1424-49A3-BD99-4E4154B5C819}.Debug|Any CPU.ActiveCfg = Debug|Any CPU
		{C40DDD88-1424-49A3-BD99-4E4154B5C819}.Debug|Any CPU.Build.0 = Debug|Any CPU
		{C40DDD88-1424-49A3-BD99-4E4154B5C819}.Release|Any CPU.ActiveCfg = Release|Any CPU
		{C40DDD88-1424-49A3-BD99-4E4154B5C819}.Release|Any CPU.Build.0 = Release|Any CPU
		{8AEDC2E8-934A-43A7-B069-DFCEFD9F2D3A}.Debug|Any CPU.ActiveCfg = Debug|Any CPU
		{8AEDC2E8-934A-43A7-B069-DFCEFD9F2D3A}.Debug|Any CPU.Build.0 = Debug|Any CPU
		{8AEDC2E8-934A-43A7-B069-DFCEFD9F2D3A}.Release|Any CPU.ActiveCfg = Release|Any CPU
		{8AEDC2E8-934A-43A7-B069-DFCEFD9F2D3A}.Release|Any CPU.Build.0 = Release|Any CPU
	EndGlobalSection
	GlobalSection(SolutionProperties) = preSolution
		HideSolutionNode = FALSE
	EndGlobalSection
	GlobalSection(ExtensibilityGlobals) = postSolution
		SolutionGuid = {D09481DE-E7EA-42CA-BED1-A188FD9A8115}
	EndGlobalSection
EndGlobal
